
Microsoft Visual Studio Solution File, Format Version 12.00
# Visual Studio Version 16
VisualStudioVersion = 16.0.29215.179
MinimumVisualStudioVersion = 10.0.40219.1
Project("{FAE04EC0-301F-11D3-BF4B-00C04F79EFBC}") = "tddcalapp", "tddcalapp\tddcalapp.csproj", "{64B62B3C-E996-40AF-8B63-5CEA40CD032C}"
EndProject
Project("{FAE04EC0-301F-11D3-BF4B-00C04F79EFBC}") = "tddcalapp.library", "tddcalapp.library\tddcalapp.library.csproj", "{0F14F570-6402-4055-AE4F-1644D0A2281B}"
EndProject
Global
	GlobalSection(SolutionConfigurationPlatforms) = preSolution
		Debug|Any CPU = Debug|Any CPU
		Release|Any CPU = Release|Any CPU
	EndGlobalSection
	GlobalSection(ProjectConfigurationPlatforms) = postSolution
		{64B62B3C-E996-40AF-8B63-5CEA40CD032C}.Debug|Any CPU.ActiveCfg = Debug|Any CPU
		{64B62B3C-E996-40AF-8B63-5CEA40CD032C}.Debug|Any CPU.Build.0 = Debug|Any CPU
		{64B62B3C-E996-40AF-8B63-5CEA40CD032C}.Release|Any CPU.ActiveCfg = Release|Any CPU
		{64B62B3C-E996-40AF-8B63-5CEA40CD032C}.Release|Any CPU.Build.0 = Release|Any CPU
		{0F14F570-6402-4055-AE4F-1644D0A2281B}.Debug|Any CPU.ActiveCfg = Debug|Any CPU
		{0F14F570-6402-4055-AE4F-1644D0A2281B}.Debug|Any CPU.Build.0 = Debug|Any CPU
		{0F14F570-6402-4055-AE4F-1644D0A2281B}.Release|Any CPU.ActiveCfg = Release|Any CPU
		{0F14F570-6402-4055-AE4F-1644D0A2281B}.Release|Any CPU.Build.0 = Release|Any CPU
	EndGlobalSection
	GlobalSection(SolutionProperties) = preSolution
		HideSolutionNode = FALSE
	EndGlobalSection
	GlobalSection(ExtensibilityGlobals) = postSolution
		SolutionGuid = {7610D7B3-F77D-49A0-822A-A54DC589E22E}
	EndGlobalSection
EndGlobal
